
Microsoft Visual Studio Solution File, Format Version 12.00
# Visual Studio Version 17
VisualStudioVersion = 17.14.36414.22 d17.14
MinimumVisualStudioVersion = 10.0.40219.1
Project("{FAE04EC0-301F-11D3-BF4B-00C04F79EFBC}") = "ConversorNumerosRomanos", "ConversorNumerosRomanos\ConversorNumerosRomanos.csproj", "{C6D405DE-BD71-4EB4-84C8-48BBF370D9C2}"
EndProject
Global
	GlobalSection(SolutionConfigurationPlatforms) = preSolution
		Debug|Any CPU = Debug|Any CPU
		Release|Any CPU = Release|Any CPU
	EndGlobalSection
	GlobalSection(ProjectConfigurationPlatforms) = postSolution
		{C6D405DE-BD71-4EB4-84C8-48BBF370D9C2}.Debug|Any CPU.ActiveCfg = Debug|Any CPU
		{C6D405DE-BD71-4EB4-84C8-48BBF370D9C2}.Debug|Any CPU.Build.0 = Debug|Any CPU
		{C6D405DE-BD71-4EB4-84C8-48BBF370D9C2}.Release|Any CPU.ActiveCfg = Release|Any CPU
		{C6D405DE-BD71-4EB4-84C8-48BBF370D9C2}.Release|Any CPU.Build.0 = Release|Any CPU
	EndGlobalSection
	GlobalSection(SolutionProperties) = preSolution
		HideSolutionNode = FALSE
	EndGlobalSection
	GlobalSection(ExtensibilityGlobals) = postSolution
		SolutionGuid = {E024B576-90EE-4905-B343-D117D0BE2B90}
	EndGlobalSection
EndGlobal
